
Microsoft Visual Studio Solution File, Format Version 12.00
# Visual Studio 15
VisualStudioVersion = 15.0.28307.421
MinimumVisualStudioVersion = 10.0.40219.1
Project("{FAE04EC0-301F-11D3-BF4B-00C04F79EFBC}") = "YSA", "YSA\YSA.csproj", "{05DB8A98-505A-49D5-BED8-06DEFA0BA5DA}"
EndProject
Global
	GlobalSection(SolutionConfigurationPlatforms) = preSolution
		Debug|Any CPU = Debug|Any CPU
		Release|Any CPU = Release|Any CPU
	EndGlobalSection
	GlobalSection(ProjectConfigurationPlatforms) = postSolution
		{05DB8A98-505A-49D5-BED8-06DEFA0BA5DA}.Debug|Any CPU.ActiveCfg = Debug|Any CPU
		{05DB8A98-505A-49D5-BED8-06DEFA0BA5DA}.Debug|Any CPU.Build.0 = Debug|Any CPU
		{05DB8A98-505A-49D5-BED8-06DEFA0BA5DA}.Release|Any CPU.ActiveCfg = Release|Any CPU
		{05DB8A98-505A-49D5-BED8-06DEFA0BA5DA}.Release|Any CPU.Build.0 = Release|Any CPU
	EndGlobalSection
	GlobalSection(SolutionProperties) = preSolution
		HideSolutionNode = FALSE
	EndGlobalSection
	GlobalSection(ExtensibilityGlobals) = postSolution
		SolutionGuid = {1BC50F78-1AE7-42E2-91D5-B8A7AE0393D5}
	EndGlobalSection
EndGlobal
